
Microsoft Visual Studio Solution File, Format Version 12.00
# Visual Studio Version 16
VisualStudioVersion = 16.0.32106.194
MinimumVisualStudioVersion = 10.0.40219.1
Project("{9A19103F-16F7-4668-BE54-9A1E7A4F7556}") = "LizardBot", "HITteamBot\HITteamBot.csproj", "{6C615320-5E67-4076-829A-945E620D62EA}"
EndProject
Global
	GlobalSection(SolutionConfigurationPlatforms) = preSolution
		Debug|Any CPU = Debug|Any CPU
		Release|Any CPU = Release|Any CPU
	EndGlobalSection
	GlobalSection(ProjectConfigurationPlatforms) = postSolution
		{6C615320-5E67-4076-829A-945E620D62EA}.Debug|Any CPU.ActiveCfg = Debug|Any CPU
		{6C615320-5E67-4076-829A-945E620D62EA}.Debug|Any CPU.Build.0 = Debug|Any CPU
		{6C615320-5E67-4076-829A-945E620D62EA}.Release|Any CPU.ActiveCfg = Release|Any CPU
		{6C615320-5E67-4076-829A-945E620D62EA}.Release|Any CPU.Build.0 = Release|Any CPU
	EndGlobalSection
	GlobalSection(SolutionProperties) = preSolution
		HideSolutionNode = FALSE
	EndGlobalSection
	GlobalSection(ExtensibilityGlobals) = postSolution
		SolutionGuid = {8720E560-A937-4C13-BBB4-2E53AB69265A}
	EndGlobalSection
EndGlobal
